
Microsoft Visual Studio Solution File, Format Version 12.00
# Visual Studio Version 16
VisualStudioVersion = 16.0.29806.167
MinimumVisualStudioVersion = 10.0.40219.1
Project("{9A19103F-16F7-4668-BE54-9A1E7A4F7556}") = "BodePlotter", "src\BodePlotter\BodePlotter.csproj", "{5B1DE05B-3878-402D-B629-22FA03CDD588}"
EndProject
Project("{2150E333-8FDC-42A3-9474-1A3956D46DE8}") = "Solution Items", "Solution Items", "{F1CA42E2-1B03-4AD0-9CF8-3835DD0CC728}"
	ProjectSection(SolutionItems) = preProject
		.editorconfig = .editorconfig
	EndProjectSection
EndProject
Project("{2150E333-8FDC-42A3-9474-1A3956D46DE8}") = "External", "External", "{CA5D9159-3476-40A3-BD81-E991BE937274}"
EndProject
Project("{9A19103F-16F7-4668-BE54-9A1E7A4F7556}") = "OxyPlot.Avalonia", "external\oxyplot-avalonia\Source\OxyPlot.Avalonia\OxyPlot.Avalonia.csproj", "{FA76A03C-F42F-4BF9-AC36-8773A488E14F}"
EndProject
Global
	GlobalSection(SolutionConfigurationPlatforms) = preSolution
		Debug|Any CPU = Debug|Any CPU
		Release|Any CPU = Release|Any CPU
	EndGlobalSection
	GlobalSection(ProjectConfigurationPlatforms) = postSolution
		{5B1DE05B-3878-402D-B629-22FA03CDD588}.Debug|Any CPU.ActiveCfg = Debug|Any CPU
		{5B1DE05B-3878-402D-B629-22FA03CDD588}.Debug|Any CPU.Build.0 = Debug|Any CPU
		{5B1DE05B-3878-402D-B629-22FA03CDD588}.Release|Any CPU.ActiveCfg = Release|Any CPU
		{5B1DE05B-3878-402D-B629-22FA03CDD588}.Release|Any CPU.Build.0 = Release|Any CPU
		{FA76A03C-F42F-4BF9-AC36-8773A488E14F}.Debug|Any CPU.ActiveCfg = Debug|Any CPU
		{FA76A03C-F42F-4BF9-AC36-8773A488E14F}.Debug|Any CPU.Build.0 = Debug|Any CPU
		{FA76A03C-F42F-4BF9-AC36-8773A488E14F}.Release|Any CPU.ActiveCfg = Release|Any CPU
		{FA76A03C-F42F-4BF9-AC36-8773A488E14F}.Release|Any CPU.Build.0 = Release|Any CPU
	EndGlobalSection
	GlobalSection(SolutionProperties) = preSolution
		HideSolutionNode = FALSE
	EndGlobalSection
	GlobalSection(NestedProjects) = preSolution
		{FA76A03C-F42F-4BF9-AC36-8773A488E14F} = {CA5D9159-3476-40A3-BD81-E991BE937274}
	EndGlobalSection
	GlobalSection(ExtensibilityGlobals) = postSolution
		SolutionGuid = {3A9EB4DD-8527-4171-AA20-45BF527D9737}
	EndGlobalSection
EndGlobal
